// !$*UTF8*$!
{
	archiveVersion = 1;
	classes = {
	};
	objectVersion = 50;
	objects = {

/* Begin PBXBuildFile section */
		0F93C4852368731500637EA4 /* AppDelegate.swift in Sources */ = {isa = PBXBuildFile; fileRef = 0F93C4842368731500637EA4 /* AppDelegate.swift */; };
		0F93C4872368731500637EA4 /* SceneDelegate.swift in Sources */ = {isa = PBXBuildFile; fileRef = 0F93C4862368731500637EA4 /* SceneDelegate.swift */; };
		0F93C4892368731500637EA4 /* MSRootViewController.swift in Sources */ = {isa = PBXBuildFile; fileRef = 0F93C4882368731500637EA4 /* MSRootViewController.swift */; };
		0F93C48C2368731500637EA4 /* Main.storyboard in Resources */ = {isa = PBXBuildFile; fileRef = 0F93C48A2368731500637EA4 /* Main.storyboard */; };
		0F93C48E2368731A00637EA4 /* Assets.xcassets in Resources */ = {isa = PBXBuildFile; fileRef = 0F93C48D2368731A00637EA4 /* Assets.xcassets */; };
		0F93C4912368731A00637EA4 /* LaunchScreen.storyboard in Resources */ = {isa = PBXBuildFile; fileRef = 0F93C48F2368731A00637EA4 /* LaunchScreen.storyboard */; };
		0F93C49C2368731A00637EA4 /* Hacking_Motion_SenseTests.swift in Sources */ = {isa = PBXBuildFile; fileRef = 0F93C49B2368731A00637EA4 /* Hacking_Motion_SenseTests.swift */; };
		0F93C4A72368732A00637EA4 /* MSCaptureManager.swift in Sources */ = {isa = PBXBuildFile; fileRef = 0F93C4A62368732A00637EA4 /* MSCaptureManager.swift */; };
		0FC738EB236A736900728ADC /* MSMotionValidator.swift in Sources */ = {isa = PBXBuildFile; fileRef = 0FC738EA236A736900728ADC /* MSMotionValidator.swift */; };
/* End PBXBuildFile section */

/* Begin PBXContainerItemProxy section */
		0F93C4982368731A00637EA4 /* PBXContainerItemProxy */ = {
			isa = PBXContainerItemProxy;
			containerPortal = 0F93C4792368731500637EA4 /* Project object */;
			proxyType = 1;
			remoteGlobalIDString = 0F93C4802368731500637EA4;
			remoteInfo = "Hacking Motion Sense";
		};
/* End PBXContainerItemProxy section */

/* Begin PBXFileReference section */
		0F93C4812368731500637EA4 /* Hacking Motion Sense.app */ = {isa = PBXFileReference; explicitFileType = wrapper.application; includeInIndex = 0; path = "Hacking Motion Sense.app"; sourceTree = BUILT_PRODUCTS_DIR; };
		0F93C4842368731500637EA4 /* AppDelegate.swift */ = {isa = PBXFileReference; lastKnownFileType = sourcecode.swift; path = AppDelegate.swift; sourceTree = "<group>"; };
		0F93C4862368731500637EA4 /* SceneDelegate.swift */ = {isa = PBXFileReference; lastKnownFileType = sourcecode.swift; path = SceneDelegate.swift; sourceTree = "<group>"; };
		0F93C4882368731500637EA4 /* MSRootViewController.swift */ = {isa = PBXFileReference; lastKnownFileType = sourcecode.swift; path = MSRootViewController.swift; sourceTree = "<group>"; };
		0F93C48B2368731500637EA4 /* Base */ = {isa = PBXFileReference; lastKnownFileType = file.storyboard; name = Base; path = Base.lproj/Main.storyboard; sourceTree = "<group>"; };
		0F93C48D2368731A00637EA4 /* Assets.xcassets */ = {isa = PBXFileReference; lastKnownFileType = folder.assetcatalog; path = Assets.xcassets; sourceTree = "<group>"; };
		0F93C4902368731A00637EA4 /* Base */ = {isa = PBXFileReference; lastKnownFileType = file.storyboard; name = Base; path = Base.lproj/LaunchScreen.storyboard; sourceTree = "<group>"; };
		0F93C4922368731A00637EA4 /* Info.plist */ = {isa = PBXFileReference; lastKnownFileType = text.plist.xml; path = Info.plist; sourceTree = "<group>"; };
		0F93C4972368731A00637EA4 /* Hacking Motion SenseTests.xctest */ = {isa = PBXFileReference; explicitFileType = wrapper.cfbundle; includeInIndex = 0; path = "Hacking Motion SenseTests.xctest"; sourceTree = BUILT_PRODUCTS_DIR; };
		0F93C49B2368731A00637EA4 /* Hacking_Motion_SenseTests.swift */ = {isa = PBXFileReference; lastKnownFileType = sourcecode.swift; path = Hacking_Motion_SenseTests.swift; sourceTree = "<group>"; };
		0F93C49D2368731A00637EA4 /* Info.plist */ = {isa = PBXFileReference; lastKnownFileType = text.plist.xml; path = Info.plist; sourceTree = "<group>"; };
		0F93C4A62368732A00637EA4 /* MSCaptureManager.swift */ = {isa = PBXFileReference; lastKnownFileType = sourcecode.swift; path = MSCaptureManager.swift; sourceTree = "<group>"; };
		0FC738EA236A736900728ADC /* MSMotionValidator.swift */ = {isa = PBXFileReference; lastKnownFileType = sourcecode.swift; path = MSMotionValidator.swift; sourceTree = "<group>"; };
/* End PBXFileReference section */

/* Begin PBXFrameworksBuildPhase section */
		0F93C47E2368731500637EA4 /* Frameworks */ = {
			isa = PBXFrameworksBuildPhase;
			buildActionMask = 2147483647;
			files = (
			);
			runOnlyForDeploymentPostprocessing = 0;
		};
		0F93C4942368731A00637EA4 /* Frameworks */ = {
			isa = PBXFrameworksBuildPhase;
			buildActionMask = 2147483647;
			files = (
			);
			runOnlyForDeploymentPostprocessing = 0;
		};
/* End PBXFrameworksBuildPhase section */

/* Begin PBXGroup section */
		0F93C4782368731500637EA4 = {
			isa = PBXGroup;
			children = (
				0F93C4832368731500637EA4 /* Hacking Motion Sense */,
				0F93C49A2368731A00637EA4 /* Hacking Motion SenseTests */,
				0F93C4822368731500637EA4 /* Products */,
			);
			sourceTree = "<group>";
		};
		0F93C4822368731500637EA4 /* Products */ = {
			isa = PBXGroup;
			children = (
				0F93C4812368731500637EA4 /* Hacking Motion Sense.app */,
				0F93C4972368731A00637EA4 /* Hacking Motion SenseTests.xctest */,
			);
			name = Products;
			sourceTree = "<group>";
		};
		0F93C4832368731500637EA4 /* Hacking Motion Sense */ = {
			isa = PBXGroup;
			children = (
				0F93C4842368731500637EA4 /* AppDelegate.swift */,
				0F93C4862368731500637EA4 /* SceneDelegate.swift */,
				0F93C4882368731500637EA4 /* MSRootViewController.swift */,
				0F93C4A62368732A00637EA4 /* MSCaptureManager.swift */,
				0FC738EA236A736900728ADC /* MSMotionValidator.swift */,
				0F93C48A2368731500637EA4 /* Main.storyboard */,
				0F93C48D2368731A00637EA4 /* Assets.xcassets */,
				0F93C48F2368731A00637EA4 /* LaunchScreen.storyboard */,
				0F93C4922368731A00637EA4 /* Info.plist */,
			);
			path = "Hacking Motion Sense";
			sourceTree = "<group>";
		};
		0F93C49A2368731A00637EA4 /* Hacking Motion SenseTests */ = {
			isa = PBXGroup;
			children = (
				0F93C49B2368731A00637EA4 /* Hacking_Motion_SenseTests.swift */,
				0F93C49D2368731A00637EA4 /* Info.plist */,
			);
			path = "Hacking Motion SenseTests";
			sourceTree = "<group>";
		};
/* End PBXGroup section */

/* Begin PBXNativeTarget section */
		0F93C4802368731500637EA4 /* Hacking Motion Sense */ = {
			isa = PBXNativeTarget;
			buildConfigurationList = 0F93C4A02368731A00637EA4 /* Build configuration list for PBXNativeTarget "Hacking Motion Sense" */;
			buildPhases = (
				0F93C47D2368731500637EA4 /* Sources */,
				0F93C47E2368731500637EA4 /* Frameworks */,
				0F93C47F2368731500637EA4 /* Resources */,
			);
			buildRules = (
			);
			dependencies = (
			);
			name = "Hacking Motion Sense";
			productName = "Hacking Motion Sense";
			productReference = 0F93C4812368731500637EA4 /* Hacking Motion Sense.app */;
			productType = "com.apple.product-type.application";
		};
		0F93C4962368731A00637EA4 /* Hacking Motion SenseTests */ = {
			isa = PBXNativeTarget;
			buildConfigurationList = 0F93C4A32368731A00637EA4 /* Build configuration list for PBXNativeTarget "Hacking Motion SenseTests" */;
			buildPhases = (
				0F93C4932368731A00637EA4 /* Sources */,
				0F93C4942368731A00637EA4 /* Frameworks */,
				0F93C4952368731A00637EA4 /* Resources */,
			);
			buildRules = (
			);
			dependencies = (
				0F93C4992368731A00637EA4 /* PBXTargetDependency */,
			);
			name = "Hacking Motion SenseTests";
			productName = "Hacking Motion SenseTests";
			productReference = 0F93C4972368731A00637EA4 /* Hacking Motion SenseTests.xctest */;
			productType = "com.apple.product-type.bundle.unit-test";
		};
/* End PBXNativeTarget section */

/* Begin PBXProject section */
		0F93C4792368731500637EA4 /* Project object */ = {
			isa = PBXProject;
			attributes = {
				LastSwiftUpdateCheck = 1120;
				LastUpgradeCheck = 1120;
				ORGANIZATIONNAME = nalydadad.com;
				TargetAttributes = {
					0F93C4802368731500637EA4 = {
						CreatedOnToolsVersion = 11.2;
					};
					0F93C4962368731A00637EA4 = {
						CreatedOnToolsVersion = 11.2;
						TestTargetID = 0F93C4802368731500637EA4;
					};
				};
			};
			buildConfigurationList = 0F93C47C2368731500637EA4 /* Build configuration list for PBXProject "Hacking Motion Sense" */;
			compatibilityVersion = "Xcode 9.3";
			developmentRegion = en;
			hasScannedForEncodings = 0;
			knownRegions = (
				en,
				Base,
			);
			mainGroup = 0F93C4782368731500637EA4;
			productRefGroup = 0F93C4822368731500637EA4 /* Products */;
			projectDirPath = "";
			projectRoot = "";
			targets = (
				0F93C4802368731500637EA4 /* Hacking Motion Sense */,
				0F93C4962368731A00637EA4 /* Hacking Motion SenseTests */,
			);
		};
/* End PBXProject section */

/* Begin PBXResourcesBuildPhase section */
		0F93C47F2368731500637EA4 /* Resources */ = {
			isa = PBXResourcesBuildPhase;
			buildActionMask = 2147483647;
			files = (
				0F93C4912368731A00637EA4 /* LaunchScreen.storyboard in Resources */,
				0F93C48E2368731A00637EA4 /* Assets.xcassets in Resources */,
				0F93C48C2368731500637EA4 /* Main.storyboard in Resources */,
			);
			runOnlyForDeploymentPostprocessing = 0;
		};
		0F93C4952368731A00637EA4 /* Resources */ = {
			isa = PBXResourcesBuildPhase;
			buildActionMask = 2147483647;
			files = (
			);
			runOnlyForDeploymentPostprocessing = 0;
		};
/* End PBXResourcesBuildPhase section */

/* Begin PBXSourcesBuildPhase section */
		0F93C47D2368731500637EA4 /* Sources */ = {
			isa = PBXSourcesBuildPhase;
			buildActionMask = 2147483647;
			files = (
				0F93C4A72368732A00637EA4 /* MSCaptureManager.swift in Sources */,
				0F93C4892368731500637EA4 /* MSRootViewController.swift in Sources */,
				0F93C4852368731500637EA4 /* AppDelegate.swift in Sources */,
				0FC738EB236A736900728ADC /* MSMotionValidator.swift in Sources */,
				0F93C4872368731500637EA4 /* SceneDelegate.swift in Sources */,
			);
			runOnlyForDeploymentPostprocessing = 0;
		};
		0F93C4932368731A00637EA4 /* Sources */ = {
			isa = PBXSourcesBuildPhase;
			buildActionMask = 2147483647;
			files = (
				0F93C49C2368731A00637EA4 /* Hacking_Motion_SenseTests.swift in Sources */,
			);
			runOnlyForDeploymentPostprocessing = 0;
		};
/* End PBXSourcesBuildPhase section */

/* Begin PBXTargetDependency section */
		0F93C4992368731A00637EA4 /* PBXTargetDependency */ = {
			isa = PBXTargetDependency;
			target = 0F93C4802368731500637EA4 /* Hacking Motion Sense */;
			targetProxy = 0F93C4982368731A00637EA4 /* PBXContainerItemProxy */;
		};
/* End PBXTargetDependency section */

/* Begin PBXVariantGroup section */
		0F93C48A2368731500637EA4 /* Main.storyboard */ = {
			isa = PBXVariantGroup;
			children = (
				0F93C48B2368731500637EA4 /* Base */,
			);
			name = Main.storyboard;
			sourceTree = "<group>";
		};
		0F93C48F2368731A00637EA4 /* LaunchScreen.storyboard */ = {
			isa = PBXVariantGroup;
			children = (
				0F93C4902368731A00637EA4 /* Base */,
			);
			name = LaunchScreen.storyboard;
			sourceTree = "<group>";
		};
/* End PBXVariantGroup section */

/* Begin XCBuildConfiguration section */
		0F93C49E2368731A00637EA4 /* Debug */ = {
			isa = XCBuildConfiguration;
			buildSettings = {
				ALWAYS_SEARCH_USER_PATHS = NO;
				CLANG_ANALYZER_NONNULL = YES;
				CLANG_ANALYZER_NUMBER_OBJECT_CONVERSION = YES_AGGRESSIVE;
				CLANG_CXX_LANGUAGE_STANDARD = "gnu++14";
				CLANG_CXX_LIBRARY = "libc++";
				CLANG_ENABLE_MODULES = YES;
				CLANG_ENABLE_OBJC_ARC = YES;
				CLANG_ENABLE_OBJC_WEAK = YES;
				CLANG_WARN_BLOCK_CAPTURE_AUTORELEASING = YES;
				CLANG_WARN_BOOL_CONVERSION = YES;
				CLANG_WARN_COMMA = YES;
				CLANG_WARN_CONSTANT_CONVERSION = YES;
				CLANG_WARN_DEPRECATED_OBJC_IMPLEMENTATIONS = YES;
				CLANG_WARN_DIRECT_OBJC_ISA_USAGE = YES_ERROR;
				CLANG_WARN_DOCUMENTATION_COMMENTS = YES;
				CLANG_WARN_EMPTY_BODY = YES;
				CLANG_WARN_ENUM_CONVERSION = YES;
				CLANG_WARN_INFINITE_RECURSION = YES;
				CLANG_WARN_INT_CONVERSION = YES;
				CLANG_WARN_NON_LITERAL_NULL_CONVERSION = YES;
				CLANG_WARN_OBJC_IMPLICIT_RETAIN_SELF = YES;
				CLANG_WARN_OBJC_LITERAL_CONVERSION = YES;
				CLANG_WARN_OBJC_ROOT_CLASS = YES_ERROR;
				CLANG_WARN_RANGE_LOOP_ANALYSIS = YES;
				CLANG_WARN_STRICT_PROTOTYPES = YES;
				CLANG_WARN_SUSPICIOUS_MOVE = YES;
				CLANG_WARN_UNGUARDED_AVAILABILITY = YES_AGGRESSIVE;
				CLANG_WARN_UNREACHABLE_CODE = YES;
				CLANG_WARN__DUPLICATE_METHOD_MATCH = YES;
				COPY_PHASE_STRIP = NO;
				DEBUG_INFORMATION_FORMAT = dwarf;
				ENABLE_STRICT_OBJC_MSGSEND = YES;
				ENABLE_TESTABILITY = YES;
				GCC_C_LANGUAGE_STANDARD = gnu11;
				GCC_DYNAMIC_NO_PIC = NO;
				GCC_NO_COMMON_BLOCKS = YES;
				GCC_OPTIMIZATION_LEVEL = 0;
				GCC_PREPROCESSOR_DEFINITIONS = (
					"DEBUG=1",
					"$(inherited)",
				);
				GCC_WARN_64_TO_32_BIT_CONVERSION = YES;
				GCC_WARN_ABOUT_RETURN_TYPE = YES_ERROR;
				GCC_WARN_UNDECLARED_SELECTOR = YES;
				GCC_WARN_UNINITIALIZED_AUTOS = YES_AGGRESSIVE;
				GCC_WARN_UNUSED_FUNCTION = YES;
				GCC_WARN_UNUSED_VARIABLE = YES;
				IPHONEOS_DEPLOYMENT_TARGET = 13.2;
				MTL_ENABLE_DEBUG_INFO = INCLUDE_SOURCE;
				MTL_FAST_MATH = YES;
				ONLY_ACTIVE_ARCH = YES;
				SDKROOT = iphoneos;
				SWIFT_ACTIVE_COMPILATION_CONDITIONS = DEBUG;
				SWIFT_OPTIMIZATION_LEVEL = "-Onone";
			};
			name = Debug;
		};
		0F93C49F2368731A00637EA4 /* Release */ = {
			isa = XCBuildConfiguration;
			buildSettings = {
				ALWAYS_SEARCH_USER_PATHS = NO;
				CLANG_ANALYZER_NONNULL = YES;
				CLANG_ANALYZER_NUMBER_OBJECT_CONVERSION = YES_AGGRESSIVE;
				CLANG_CXX_LANGUAGE_STANDARD = "gnu++14";
				CLANG_CXX_LIBRARY = "libc++";
				CLANG_ENABLE_MODULES = YES;
				CLANG_ENABLE_OBJC_ARC = YES;
				CLANG_ENABLE_OBJC_WEAK = YES;
				CLANG_WARN_BLOCK_CAPTURE_AUTORELEASING = YES;
				CLANG_WARN_BOOL_CONVERSION = YES;
				CLANG_WARN_COMMA = YES;
				CLANG_WARN_CONSTANT_CONVERSION = YES;
				CLANG_WARN_DEPRECATED_OBJC_IMPLEMENTATIONS = YES;
				CLANG_WARN_DIRECT_OBJC_ISA_USAGE = YES_ERROR;
				CLANG_WARN_DOCUMENTATION_COMMENTS = YES;
				CLANG_WARN_EMPTY_BODY = YES;
				CLANG_WARN_ENUM_CONVERSION = YES;
				CLANG_WARN_INFINITE_RECURSION = YES;
				CLANG_WARN_INT_CONVERSION = YES;
				CLANG_WARN_NON_LITERAL_NULL_CONVERSION = YES;
				CLANG_WARN_OBJC_IMPLICIT_RETAIN_SELF = YES;
				CLANG_WARN_OBJC_LITERAL_CONVERSION = YES;
				CLANG_WARN_OBJC_ROOT_CLASS = YES_ERROR;
				CLANG_WARN_RANGE_LOOP_ANALYSIS = YES;
				CLANG_WARN_STRICT_PROTOTYPES = YES;
				CLANG_WARN_SUSPICIOUS_MOVE = YES;
				CLANG_WARN_UNGUARDED_AVAILABILITY = YES_AGGRESSIVE;
				CLANG_WARN_UNREACHABLE_CODE = YES;
				CLANG_WARN__DUPLICATE_METHOD_MATCH = YES;
				COPY_PHASE_STRIP = NO;
				DEBUG_INFORMATION_FORMAT = "dwarf-with-dsym";
				ENABLE_NS_ASSERTIONS = NO;
				ENABLE_STRICT_OBJC_MSGSEND = YES;
				GCC_C_LANGUAGE_STANDARD = gnu11;
				GCC_NO_COMMON_BLOCKS = YES;
				GCC_WARN_64_TO_32_BIT_CONVERSION = YES;
				GCC_WARN_ABOUT_RETURN_TYPE = YES_ERROR;
				GCC_WARN_UNDECLARED_SELECTOR = YES;
				GCC_WARN_UNINITIALIZED_AUTOS = YES_AGGRESSIVE;
				GCC_WARN_UNUSED_FUNCTION = YES;
				GCC_WARN_UNUSED_VARIABLE = YES;
				IPHONEOS_DEPLOYMENT_TARGET = 13.2;
				MTL_ENABLE_DEBUG_INFO = NO;
				MTL_FAST_MATH = YES;
				SDKROOT = iphoneos;
				SWIFT_COMPILATION_MODE = wholemodule;
				SWIFT_OPTIMIZATION_LEVEL = "-O";
				VALIDATE_PRODUCT = YES;
			};
			name = Release;
		};
		0F93C4A12368731A00637EA4 /* Debug */ = {
			isa = XCBuildConfiguration;
			buildSettings = {
				ASSETCATALOG_COMPILER_APPICON_NAME = AppIcon;
				CODE_SIGN_STYLE = Automatic;
				DEVELOPMENT_TEAM = M2LBQQ4643;
				INFOPLIST_FILE = "Hacking Motion Sense/Info.plist";
				LD_RUNPATH_SEARCH_PATHS = (
					"$(inherited)",
					"@executable_path/Frameworks",
				);
				PRODUCT_BUNDLE_IDENTIFIER = "nalydadad.com.Hacking-Motion-Sens";
				PRODUCT_NAME = "$(TARGET_NAME)";
				SWIFT_VERSION = 5.0;
				TARGETED_DEVICE_FAMILY = "1,2";
			};
			name = Debug;
		};
		0F93C4A22368731A00637EA4 /* Release */ = {
			isa = XCBuildConfiguration;
			buildSettings = {
				ASSETCATALOG_COMPILER_APPICON_NAME = AppIcon;
				CODE_SIGN_STYLE = Automatic;
				DEVELOPMENT_TEAM = 5PZ9S5N8BT;
				INFOPLIST_FILE = "Hacking Motion Sense/Info.plist";
				LD_RUNPATH_SEARCH_PATHS = (
					"$(inherited)",
					"@executable_path/Frameworks",
				);
				PRODUCT_BUNDLE_IDENTIFIER = "nalydadad.com.Hacking-Motion-Sense";
				PRODUCT_NAME = "$(TARGET_NAME)";
				SWIFT_VERSION = 5.0;
				TARGETED_DEVICE_FAMILY = "1,2";
			};
			name = Release;
		};
		0F93C4A42368731A00637EA4 /* Debug */ = {
			isa = XCBuildConfiguration;
			buildSettings = {
				ALWAYS_EMBED_SWIFT_STANDARD_LIBRARIES = YES;
				BUNDLE_LOADER = "$(TEST_HOST)";
				CODE_SIGN_STYLE = Automatic;
				DEVELOPMENT_TEAM = 5PZ9S5N8BT;
				INFOPLIST_FILE = "Hacking Motion SenseTests/Info.plist";
				IPHONEOS_DEPLOYMENT_TARGET = 13.2;
				LD_RUNPATH_SEARCH_PATHS = (
					"$(inherited)",
					"@executable_path/Frameworks",
					"@loader_path/Frameworks",
				);
				PRODUCT_BUNDLE_IDENTIFIER = "nalydadad.com.Hacking-Motion-SenseTests";
				PRODUCT_NAME = "$(TARGET_NAME)";
				SWIFT_VERSION = 5.0;
				TARGETED_DEVICE_FAMILY = "1,2";
				TEST_HOST = "$(BUILT_PRODUCTS_DIR)/Hacking Motion Sense.app/Hacking Motion Sense";
			};
			name = Debug;
		};
		0F93C4A52368731A00637EA4 /* Release */ = {
			isa = XCBuildConfiguration;
			buildSettings = {
				ALWAYS_EMBED_SWIFT_STANDARD_LIBRARIES = YES;
				BUNDLE_LOADER = "$(TEST_HOST)";
				CODE_SIGN_STYLE = Automatic;
				DEVELOPMENT_TEAM = 5PZ9S5N8BT;
				INFOPLIST_FILE = "Hacking Motion SenseTests/Info.plist";
				IPHONEOS_DEPLOYMENT_TARGET = 13.2;
				LD_RUNPATH_SEARCH_PATHS = (
					"$(inherited)",
					"@executable_path/Frameworks",
					"@loader_path/Frameworks",
				);
				PRODUCT_BUNDLE_IDENTIFIER = "nalydadad.com.Hacking-Motion-SenseTests";
				PRODUCT_NAME = "$(TARGET_NAME)";
				SWIFT_VERSION = 5.0;
				TARGETED_DEVICE_FAMILY = "1,2";
				TEST_HOST = "$(BUILT_PRODUCTS_DIR)/Hacking Motion Sense.app/Hacking Motion Sense";
			};
			name = Release;
		};
/* End XCBuildConfiguration section */

/* Begin XCConfigurationList section */
		0F93C47C2368731500637EA4 /* Build configuration list for PBXProject "Hacking Motion Sense" */ = {
			isa = XCConfigurationList;
			buildConfigurations = (
				0F93C49E2368731A00637EA4 /* Debug */,
				0F93C49F2368731A00637EA4 /* Release */,
			);
			defaultConfigurationIsVisible = 0;
			defaultConfigurationName = Release;
		};
		0F93C4A02368731A00637EA4 /* Build configuration list for PBXNativeTarget "Hacking Motion Sense" */ = {
			isa = XCConfigurationList;
			buildConfigurations = (
				0F93C4A12368731A00637EA4 /* Debug */,
				0F93C4A22368731A00637EA4 /* Release */,
			);
			defaultConfigurationIsVisible = 0;
			defaultConfigurationName = Release;
		};
		0F93C4A32368731A00637EA4 /* Build configuration list for PBXNativeTarget "Hacking Motion SenseTests" */ = {
			isa = XCConfigurationList;
			buildConfigurations = (
				0F93C4A42368731A00637EA4 /* Debug */,
				0F93C4A52368731A00637EA4 /* Release */,
			);
			defaultConfigurationIsVisible = 0;
			defaultConfigurationName = Release;
		};
/* End XCConfigurationList section */
	};
	rootObject = 0F93C4792368731500637EA4 /* Project object */;
}
